
Microsoft Visual Studio Solution File, Format Version 12.00
# Visual Studio Version 16
VisualStudioVersion = 16.0.30611.23
MinimumVisualStudioVersion = 10.0.40219.1
Project("{9A19103F-16F7-4668-BE54-9A1E7A4F7556}") = "ExampleClassStructures", "ExampleClassStructures\ExampleClassStructures.csproj", "{FC91BB2B-7FE1-4F3D-BB4B-D552A5C7B8DD}"
EndProject
Project("{FAE04EC0-301F-11D3-BF4B-00C04F79EFBC}") = "ExampleArrayStructures", "ExampleArrayStructures\ExampleArrayStructures.csproj", "{476EB56D-8900-4BF9-B540-AFDDB7F36AB9}"
EndProject
Project("{FAE04EC0-301F-11D3-BF4B-00C04F79EFBC}") = "ExampleUseListOf", "ExampleUseListOf\ExampleUseListOf.csproj", "{067F4723-3987-448F-907B-0AB8F8500FD4}"
EndProject
Project("{FAE04EC0-301F-11D3-BF4B-00C04F79EFBC}") = "ExampleUseListOf_2", "ExampleUseListOf_2\ExampleUseListOf_2.csproj", "{3554F838-ED22-4381-854B-BEA5A3CE64A5}"
EndProject
Global
	GlobalSection(SolutionConfigurationPlatforms) = preSolution
		Debug|Any CPU = Debug|Any CPU
		Release|Any CPU = Release|Any CPU
	EndGlobalSection
	GlobalSection(ProjectConfigurationPlatforms) = postSolution
		{FC91BB2B-7FE1-4F3D-BB4B-D552A5C7B8DD}.Debug|Any CPU.ActiveCfg = Debug|Any CPU
		{FC91BB2B-7FE1-4F3D-BB4B-D552A5C7B8DD}.Debug|Any CPU.Build.0 = Debug|Any CPU
		{FC91BB2B-7FE1-4F3D-BB4B-D552A5C7B8DD}.Release|Any CPU.ActiveCfg = Release|Any CPU
		{FC91BB2B-7FE1-4F3D-BB4B-D552A5C7B8DD}.Release|Any CPU.Build.0 = Release|Any CPU
		{476EB56D-8900-4BF9-B540-AFDDB7F36AB9}.Debug|Any CPU.ActiveCfg = Debug|Any CPU
		{476EB56D-8900-4BF9-B540-AFDDB7F36AB9}.Debug|Any CPU.Build.0 = Debug|Any CPU
		{476EB56D-8900-4BF9-B540-AFDDB7F36AB9}.Release|Any CPU.ActiveCfg = Release|Any CPU
		{476EB56D-8900-4BF9-B540-AFDDB7F36AB9}.Release|Any CPU.Build.0 = Release|Any CPU
		{067F4723-3987-448F-907B-0AB8F8500FD4}.Debug|Any CPU.ActiveCfg = Debug|Any CPU
		{067F4723-3987-448F-907B-0AB8F8500FD4}.Debug|Any CPU.Build.0 = Debug|Any CPU
		{067F4723-3987-448F-907B-0AB8F8500FD4}.Release|Any CPU.ActiveCfg = Release|Any CPU
		{067F4723-3987-448F-907B-0AB8F8500FD4}.Release|Any CPU.Build.0 = Release|Any CPU
		{3554F838-ED22-4381-854B-BEA5A3CE64A5}.Debug|Any CPU.ActiveCfg = Debug|Any CPU
		{3554F838-ED22-4381-854B-BEA5A3CE64A5}.Debug|Any CPU.Build.0 = Debug|Any CPU
		{3554F838-ED22-4381-854B-BEA5A3CE64A5}.Release|Any CPU.ActiveCfg = Release|Any CPU
		{3554F838-ED22-4381-854B-BEA5A3CE64A5}.Release|Any CPU.Build.0 = Release|Any CPU
	EndGlobalSection
	GlobalSection(SolutionProperties) = preSolution
		HideSolutionNode = FALSE
	EndGlobalSection
	GlobalSection(ExtensibilityGlobals) = postSolution
		SolutionGuid = {54391720-9DCB-4308-BA8C-46B59F42EE5B}
	EndGlobalSection
EndGlobal
